
Microsoft Visual Studio Solution File, Format Version 12.00
# Visual Studio Version 17
VisualStudioVersion = 17.3.32819.101
MinimumVisualStudioVersion = 10.0.40219.1
Project("{FAE04EC0-301F-11D3-BF4B-00C04F79EFBC}") = "HelloGitHub", "HelloGitHub\HelloGitHub.csproj", "{51792C7E-ACB2-4471-A2BF-8D8200F39701}"
EndProject
Global
	GlobalSection(SolutionConfigurationPlatforms) = preSolution
		Debug|Any CPU = Debug|Any CPU
		Release|Any CPU = Release|Any CPU
	EndGlobalSection
	GlobalSection(ProjectConfigurationPlatforms) = postSolution
		{51792C7E-ACB2-4471-A2BF-8D8200F39701}.Debug|Any CPU.ActiveCfg = Debug|Any CPU
		{51792C7E-ACB2-4471-A2BF-8D8200F39701}.Debug|Any CPU.Build.0 = Debug|Any CPU
		{51792C7E-ACB2-4471-A2BF-8D8200F39701}.Release|Any CPU.ActiveCfg = Release|Any CPU
		{51792C7E-ACB2-4471-A2BF-8D8200F39701}.Release|Any CPU.Build.0 = Release|Any CPU
	EndGlobalSection
	GlobalSection(SolutionProperties) = preSolution
		HideSolutionNode = FALSE
	EndGlobalSection
	GlobalSection(ExtensibilityGlobals) = postSolution
		SolutionGuid = {FD1CCF3F-7BFA-4A9B-AA85-E3295FED2682}
	EndGlobalSection
EndGlobal
